# auto-generated by grc.converter

id: radar_usrp_mimo_echotimer_cc
label: USRP MIMO Echotimer
category: "[RADAR]/RADAR"

parameters:
  - id: samp_rate
    label: Sample rate
    dtype: int
  - id: center_freq
    label: Center frequency
    dtype: float
  - id: num_delay_samps
    label: Number delay samples
    dtype: int
    default: "0"
  - id: args_tx
    label: TX Arguments
    dtype: string
    default: "'addr=192.168.xx.xx'"
    hide: part
  - id: channel_tx0
    label: TX0 Channel
    dtype: int
    default: "0"
    hide: part
  - id: channel_tx1
    label: TX1 Channel
    dtype: int
    default: "1"
    hide: part
  - id: wire_tx
    label: TX Wire
    dtype: string
    default: "''"
    hide: part
  - id: clock_source_tx
    label: TX Clock source
    dtype: string
    default: "'internal'"
    hide: part
  - id: time_source_tx
    label: TX Time source
    dtype: string
    default: "'none'"
    hide: part
  - id: antenna_tx0
    label: TX0 Antenna
    dtype: string
    hide: part
  - id: antenna_tx1
    label: TX1 Antenna
    dtype: string
    hide: part
  - id: gain_tx0
    label: TX0 Gain
    dtype: float
    hide: part
  - id: gain_tx1
    label: TX1 Gain
    dtype: float
    hide: part
  - id: timeout_tx
    label: TX Timeout
    dtype: float
    default: "0.1"
    hide: part
  - id: wait_tx
    label: TX Wait to start
    dtype: float
    default: "0.05"
    hide: part
  - id: lo_offset_tx0
    label: TX0 Lo offset
    dtype: float
    default: "0"
    hide: part
  - id: lo_offset_tx1
    label: TX1 Lo offset
    dtype: float
    default: "0"
    hide: part
  - id: args_rx
    label: RX Arguments
    dtype: string
    default: "'addr=192.168.xx.xx'"
    hide: part
  - id: channel_rx0
    label: RX0 Channel
    dtype: int
    default: "0"
    hide: part
  - id: channel_rx1
    label: RX1 Channel
    dtype: int
    default: "1"
    hide: part
  - id: wire_rx
    label: RX Wire
    dtype: string
    default: "''"
    hide: part
  - id: clock_source_rx
    label: RX Clock source
    dtype: string
    default: "'mimo'"
    hide: part
  - id: time_source_rx
    label: RX Time Source
    dtype: string
    default: "'mimo'"
    hide: part
  - id: antenna_rx0
    label: RX0 Antenna
    dtype: string
    hide: part
  - id: antenna_rx1
    label: RX1 Antenna
    dtype: string
    hide: part
  - id: gain_rx0
    label: RX0 Gain
    dtype: float
    hide: part
  - id: gain_rx1
    label: RX1 Gain
    dtype: float
    hide: part
  - id: timeout_rx
    label: RX Timeout
    dtype: float
    default: "0.1"
    hide: part
  - id: wait_rx
    label: RX Wait to start
    dtype: float
    default: "0.05"
    hide: part
  - id: lo_offset_rx0
    label: RX0 Lo offset
    dtype: float
    default: "0"
    hide: part
  - id: lo_offset_rx1
    label: RX1 Lo offset
    dtype: float
    default: "0"
    hide: part
  - id: len_key
    label: Packet length key
    dtype: string
    default: '"packet_len"'
    hide: part

inputs:
  - label: IQ in TX0
    domain: stream
    dtype: complex

  - label: IQ in TX1
    domain: stream
    dtype: complex

outputs:
  - label: IQ out RX0
    domain: stream
    dtype: complex

  - label: IQ out RX1
    domain: stream
    dtype: complex

templates:
  imports: from gnuradio import radar
  make: radar.usrp_mimo_echotimer_cc(${samp_rate}, ${center_freq}, ${num_delay_samps},
    ${args_tx}, ${channel_tx0}, ${channel_tx1}, ${wire_tx}, ${clock_source_tx},
    ${time_source_tx}, ${antenna_tx0}, ${antenna_tx1}, ${gain_tx0}, ${gain_tx1},
    ${timeout_tx}, ${wait_tx}, ${lo_offset_tx0}, ${lo_offset_tx1}, ${args_rx},
    ${channel_rx0}, ${channel_rx1}, ${wire_rx}, ${clock_source_rx},
    ${time_source_rx}, ${antenna_rx0}, ${antenna_rx1}, ${gain_rx0}, ${gain_rx1},
    ${timeout_rx}, ${wait_rx}, ${lo_offset_rx0}, ${lo_offset_rx1}, ${len_key})
  callbacks:
    - set_num_delay_samps(${num_delay_samps})

file_format: 1
